
Microsoft Visual Studio Solution File, Format Version 12.00
# Visual Studio Version 16
VisualStudioVersion = 16.0.33214.272
MinimumVisualStudioVersion = 10.0.40219.1
Project("{FAE04EC0-301F-11D3-BF4B-00C04F79EFBC}") = "TestAsignment", "TestAsignment.csproj", "{336D5F41-5174-47FE-B755-A602253FB7A7}"
EndProject
Global
	GlobalSection(SolutionConfigurationPlatforms) = preSolution
		Debug|Any CPU = Debug|Any CPU
		Release|Any CPU = Release|Any CPU
	EndGlobalSection
	GlobalSection(ProjectConfigurationPlatforms) = postSolution
		{336D5F41-5174-47FE-B755-A602253FB7A7}.Debug|Any CPU.ActiveCfg = Debug|Any CPU
		{336D5F41-5174-47FE-B755-A602253FB7A7}.Debug|Any CPU.Build.0 = Debug|Any CPU
		{336D5F41-5174-47FE-B755-A602253FB7A7}.Release|Any CPU.ActiveCfg = Release|Any CPU
		{336D5F41-5174-47FE-B755-A602253FB7A7}.Release|Any CPU.Build.0 = Release|Any CPU
	EndGlobalSection
	GlobalSection(SolutionProperties) = preSolution
		HideSolutionNode = FALSE
	EndGlobalSection
	GlobalSection(ExtensibilityGlobals) = postSolution
		SolutionGuid = {7A674A02-31C5-494A-B9CC-90CB5C1177C4}
	EndGlobalSection
EndGlobal
